{
  "name": "playwright-example",
  "version": "1.0.0",
  "lockfileVersion": 2,
  "requires": true,
  "packages": {
    "": {
      "name": "playwright-example",
      "version": "1.0.0",
      "license": "ISC",
      "dependencies": {
        "cross-fetch": "3.1.5",
        "playwright": "1.32.2"
      },
      "devDependencies": {
        "@playwright/test": "1.32.1"
      }
    },
    "node_modules/@playwright/test": {
      "version": "1.32.1",
      "resolved": "https://registry.npmjs.org/@playwright/test/-/test-1.32.1.tgz",
      "integrity": "sha512-FTwjCuhlm1qHUGf4hWjfr64UMJD/z0hXYbk+O387Ioe6WdyZQ+0TBDAc6P+pHjx2xCv1VYNgrKbYrNixFWy4Dg==",
      "dev": true,
      "dependencies": {
        "@types/node": "*",
        "playwright-core": "1.32.1"
      },
      "bin": {
        "playwright": "cli.js"
      },
      "engines": {
        "node": ">=14"
      },
      "optionalDependencies": {
        "fsevents": "2.3.2"
      }
    },
    "node_modules/@types/node": {
      "version": "18.15.9",
      "resolved": "https://registry.npmjs.org/@types/node/-/node-18.15.9.tgz",
      "integrity": "sha512-dUxhiNzBLr6IqlZXz6e/rN2YQXlFgOei/Dxy+e3cyXTJ4txSUbGT2/fmnD6zd/75jDMeW5bDee+YXxlFKHoV0A==",
      "dev": true
    },
    "node_modules/cross-fetch": {
      "version": "3.1.5",
      "resolved": "https://registry.npmjs.org/cross-fetch/-/cross-fetch-3.1.5.tgz",
      "integrity": "sha512-lvb1SBsI0Z7GDwmuid+mU3kWVBwTVUbe7S0H52yaaAdQOXq2YktTCZdlAcNKFzE6QtRz0snpw9bNiPeOIkkQvw==",
      "dependencies": {
        "node-fetch": "2.6.7"
      }
    },
    "node_modules/fsevents": {
      "version": "2.3.2",
      "resolved": "https://registry.npmjs.org/fsevents/-/fsevents-2.3.2.tgz",
      "integrity": "sha512-xiqMQR4xAeHTuB9uWm+fFRcIOgKBMiOBP+eXiyT7jsgVCq1bkVygt00oASowB7EdtpOHaaPgKt812P9ab+DDKA==",
      "dev": true,
      "hasInstallScript": true,
      "optional": true,
      "os": [
        "darwin"
      ],
      "engines": {
        "node": "^8.16.0 || ^10.6.0 || >=11.0.0"
      }
    },
    "node_modules/node-fetch": {
      "version": "2.6.7",
      "resolved": "https://registry.npmjs.org/node-fetch/-/node-fetch-2.6.7.tgz",
      "integrity": "sha512-ZjMPFEfVx5j+y2yF35Kzx5sF7kDzxuDj6ziH4FFbOp87zKDZNx8yExJIb05OGF4Nlt9IHFIMBkRl41VdvcNdbQ==",
      "dependencies": {
        "whatwg-url": "^5.0.0"
      },
      "engines": {
        "node": "4.x || >=6.0.0"
      },
      "peerDependencies": {
        "encoding": "^0.1.0"
      },
      "peerDependenciesMeta": {
        "encoding": {
          "optional": true
        }
      }
    },
    "node_modules/playwright": {
      "version": "1.32.2",
      "resolved": "https://registry.npmjs.org/playwright/-/playwright-1.32.2.tgz",
      "integrity": "sha512-jHVnXJke0PXpuPszKtk9y1zZSlzO5+2a+aockT/AND0oeXx46FiJEFrafthurglLygVZA+1gEbtUM1C7qtTV+Q==",
      "hasInstallScript": true,
      "dependencies": {
        "playwright-core": "1.32.2"
      },
      "bin": {
        "playwright": "cli.js"
      },
      "engines": {
        "node": ">=14"
      }
    },
    "node_modules/playwright-core": {
      "version": "1.32.1",
      "resolved": "https://registry.npmjs.org/playwright-core/-/playwright-core-1.32.1.tgz",
      "integrity": "sha512-KZYUQC10mXD2Am1rGlidaalNGYk3LU1vZqqNk0gT4XPty1jOqgup8KDP8l2CUlqoNKhXM5IfGjWgW37xvGllBA==",
      "dev": true,
      "bin": {
        "playwright": "cli.js"
      },
      "engines": {
        "node": ">=14"
      }
    },
    "node_modules/playwright/node_modules/playwright-core": {
      "version": "1.32.2",
      "resolved": "https://registry.npmjs.org/playwright-core/-/playwright-core-1.32.2.tgz",
      "integrity": "sha512-zD7aonO+07kOTthsrCR3YCVnDcqSHIJpdFUtZEMOb6//1Rc7/6mZDRdw+nlzcQiQltOOsiqI3rrSyn/SlyjnJQ==",
      "bin": {
        "playwright": "cli.js"
      },
      "engines": {
        "node": ">=14"
      }
    },
    "node_modules/tr46": {
      "version": "0.0.3",
      "resolved": "https://registry.npmjs.org/tr46/-/tr46-0.0.3.tgz",
      "integrity": "sha512-N3WMsuqV66lT30CrXNbEjx4GEwlow3v6rr4mCcv6prnfwhS01rkgyFdjPNBYd9br7LpXV1+Emh01fHnq2Gdgrw=="
    },
    "node_modules/webidl-conversions": {
      "version": "3.0.1",
      "resolved": "https://registry.npmjs.org/webidl-conversions/-/webidl-conversions-3.0.1.tgz",
      "integrity": "sha512-2JAn3z8AR6rjK8Sm8orRC0h/bcl/DqL7tRPdGZ4I1CjdF+EaMLmYxBHyXuKL849eucPFhvBoxMsflfOb8kxaeQ=="
    },
    "node_modules/whatwg-url": {
      "version": "5.0.0",
      "resolved": "https://registry.npmjs.org/whatwg-url/-/whatwg-url-5.0.0.tgz",
      "integrity": "sha512-saE57nupxk6v3HY35+jzBwYa0rKSy0XR8JSxZPwgLr7ys0IBzhGviA1/TUGJLmSVqs8pb9AnvICXEuOHLprYTw==",
      "dependencies": {
        "tr46": "~0.0.3",
        "webidl-conversions": "^3.0.0"
      }
    }
  },
  "dependencies": {
    "@playwright/test": {
      "version": "1.32.1",
      "resolved": "https://registry.npmjs.org/@playwright/test/-/test-1.32.1.tgz",
      "integrity": "sha512-FTwjCuhlm1qHUGf4hWjfr64UMJD/z0hXYbk+O387Ioe6WdyZQ+0TBDAc6P+pHjx2xCv1VYNgrKbYrNixFWy4Dg==",
      "dev": true,
      "requires": {
        "@types/node": "*",
        "fsevents": "2.3.2",
        "playwright-core": "1.32.1"
      }
    },
    "@types/node": {
      "version": "18.15.9",
      "resolved": "https://registry.npmjs.org/@types/node/-/node-18.15.9.tgz",
      "integrity": "sha512-dUxhiNzBLr6IqlZXz6e/rN2YQXlFgOei/Dxy+e3cyXTJ4txSUbGT2/fmnD6zd/75jDMeW5bDee+YXxlFKHoV0A==",
      "dev": true
    },
    "cross-fetch": {
      "version": "3.1.5",
      "resolved": "https://registry.npmjs.org/cross-fetch/-/cross-fetch-3.1.5.tgz",
      "integrity": "sha512-lvb1SBsI0Z7GDwmuid+mU3kWVBwTVUbe7S0H52yaaAdQOXq2YktTCZdlAcNKFzE6QtRz0snpw9bNiPeOIkkQvw==",
      "requires": {
        "node-fetch": "2.6.7"
      }
    },
    "fsevents": {
      "version": "2.3.2",
      "resolved": "https://registry.npmjs.org/fsevents/-/fsevents-2.3.2.tgz",
      "integrity": "sha512-xiqMQR4xAeHTuB9uWm+fFRcIOgKBMiOBP+eXiyT7jsgVCq1bkVygt00oASowB7EdtpOHaaPgKt812P9ab+DDKA==",
      "dev": true,
      "optional": true
    },
    "node-fetch": {
      "version": "2.6.7",
      "resolved": "https://registry.npmjs.org/node-fetch/-/node-fetch-2.6.7.tgz",
      "integrity": "sha512-ZjMPFEfVx5j+y2yF35Kzx5sF7kDzxuDj6ziH4FFbOp87zKDZNx8yExJIb05OGF4Nlt9IHFIMBkRl41VdvcNdbQ==",
      "requires": {
        "whatwg-url": "^5.0.0"
      }
    },
    "playwright": {
      "version": "1.32.2",
      "resolved": "https://registry.npmjs.org/playwright/-/playwright-1.32.2.tgz",
      "integrity": "sha512-jHVnXJke0PXpuPszKtk9y1zZSlzO5+2a+aockT/AND0oeXx46FiJEFrafthurglLygVZA+1gEbtUM1C7qtTV+Q==",
      "requires": {
        "playwright-core": "1.32.2"
      },
      "dependencies": {
        "playwright-core": {
          "version": "1.32.2",
          "resolved": "https://registry.npmjs.org/playwright-core/-/playwright-core-1.32.2.tgz",
          "integrity": "sha512-zD7aonO+07kOTthsrCR3YCVnDcqSHIJpdFUtZEMOb6//1Rc7/6mZDRdw+nlzcQiQltOOsiqI3rrSyn/SlyjnJQ=="
        }
      }
    },
    "playwright-core": {
      "version": "1.32.1",
      "resolved": "https://registry.npmjs.org/playwright-core/-/playwright-core-1.32.1.tgz",
      "integrity": "sha512-KZYUQC10mXD2Am1rGlidaalNGYk3LU1vZqqNk0gT4XPty1jOqgup8KDP8l2CUlqoNKhXM5IfGjWgW37xvGllBA==",
      "dev": true
    },
    "tr46": {
      "version": "0.0.3",
      "resolved": "https://registry.npmjs.org/tr46/-/tr46-0.0.3.tgz",
      "integrity": "sha512-N3WMsuqV66lT30CrXNbEjx4GEwlow3v6rr4mCcv6prnfwhS01rkgyFdjPNBYd9br7LpXV1+Emh01fHnq2Gdgrw=="
    },
    "webidl-conversions": {
      "version": "3.0.1",
      "resolved": "https://registry.npmjs.org/webidl-conversions/-/webidl-conversions-3.0.1.tgz",
      "integrity": "sha512-2JAn3z8AR6rjK8Sm8orRC0h/bcl/DqL7tRPdGZ4I1CjdF+EaMLmYxBHyXuKL849eucPFhvBoxMsflfOb8kxaeQ=="
    },
    "whatwg-url": {
      "version": "5.0.0",
      "resolved": "https://registry.npmjs.org/whatwg-url/-/whatwg-url-5.0.0.tgz",
      "integrity": "sha512-saE57nupxk6v3HY35+jzBwYa0rKSy0XR8JSxZPwgLr7ys0IBzhGviA1/TUGJLmSVqs8pb9AnvICXEuOHLprYTw==",
      "requires": {
        "tr46": "~0.0.3",
        "webidl-conversions": "^3.0.0"
      }
    }
  }
}
