{
  "name": "playwright-example",
  "version": "1.0.0",
  "lockfileVersion": 2,
  "requires": true,
  "packages": {
    "": {
      "name": "playwright-example",
      "version": "1.0.0",
      "license": "ISC",
      "dependencies": {
        "cross-fetch": "3.1.6",
        "playwright": "1.33.0"
      },
      "devDependencies": {
        "@playwright/test": "1.33.0"
      }
    },
    "node_modules/@playwright/test": {
      "version": "1.33.0",
      "resolved": "https://registry.npmjs.org/@playwright/test/-/test-1.33.0.tgz",
      "integrity": "sha512-YunBa2mE7Hq4CfPkGzQRK916a4tuZoVx/EpLjeWlTVOnD4S2+fdaQZE0LJkbfhN5FTSKNLdcl7MoT5XB37bTkg==",
      "dev": true,
      "dependencies": {
        "@types/node": "*",
        "playwright-core": "1.33.0"
      },
      "bin": {
        "playwright": "cli.js"
      },
      "engines": {
        "node": ">=14"
      },
      "optionalDependencies": {
        "fsevents": "2.3.2"
      }
    },
    "node_modules/@types/node": {
      "version": "18.15.9",
      "resolved": "https://registry.npmjs.org/@types/node/-/node-18.15.9.tgz",
      "integrity": "sha512-dUxhiNzBLr6IqlZXz6e/rN2YQXlFgOei/Dxy+e3cyXTJ4txSUbGT2/fmnD6zd/75jDMeW5bDee+YXxlFKHoV0A==",
      "dev": true
    },
    "node_modules/cross-fetch": {
      "version": "3.1.6",
      "resolved": "https://registry.npmjs.org/cross-fetch/-/cross-fetch-3.1.6.tgz",
      "integrity": "sha512-riRvo06crlE8HiqOwIpQhxwdOk4fOeR7FVM/wXoxchFEqMNUjvbs3bfo4OTgMEMHzppd4DxFBDbyySj8Cv781g==",
      "dependencies": {
        "node-fetch": "^2.6.11"
      }
    },
    "node_modules/fsevents": {
      "version": "2.3.2",
      "resolved": "https://registry.npmjs.org/fsevents/-/fsevents-2.3.2.tgz",
      "integrity": "sha512-xiqMQR4xAeHTuB9uWm+fFRcIOgKBMiOBP+eXiyT7jsgVCq1bkVygt00oASowB7EdtpOHaaPgKt812P9ab+DDKA==",
      "dev": true,
      "hasInstallScript": true,
      "optional": true,
      "os": [
        "darwin"
      ],
      "engines": {
        "node": "^8.16.0 || ^10.6.0 || >=11.0.0"
      }
    },
    "node_modules/node-fetch": {
      "version": "2.6.11",
      "resolved": "https://registry.npmjs.org/node-fetch/-/node-fetch-2.6.11.tgz",
      "integrity": "sha512-4I6pdBY1EthSqDmJkiNk3JIT8cswwR9nfeW/cPdUagJYEQG7R95WRH74wpz7ma8Gh/9dI9FP+OU+0E4FvtA55w==",
      "dependencies": {
        "whatwg-url": "^5.0.0"
      },
      "engines": {
        "node": "4.x || >=6.0.0"
      },
      "peerDependencies": {
        "encoding": "^0.1.0"
      },
      "peerDependenciesMeta": {
        "encoding": {
          "optional": true
        }
      }
    },
    "node_modules/playwright": {
      "version": "1.33.0",
      "resolved": "https://registry.npmjs.org/playwright/-/playwright-1.33.0.tgz",
      "integrity": "sha512-+zzU3V2TslRX2ETBRgQKsKytYBkJeLZ2xzUj4JohnZnxQnivoUvOvNbRBYWSYykQTO0Y4zb8NwZTYFUO+EpPBQ==",
      "hasInstallScript": true,
      "dependencies": {
        "playwright-core": "1.33.0"
      },
      "bin": {
        "playwright": "cli.js"
      },
      "engines": {
        "node": ">=14"
      }
    },
    "node_modules/playwright-core": {
      "version": "1.33.0",
      "resolved": "https://registry.npmjs.org/playwright-core/-/playwright-core-1.33.0.tgz",
      "integrity": "sha512-aizyPE1Cj62vAECdph1iaMILpT0WUDCq3E6rW6I+dleSbBoGbktvJtzS6VHkZ4DKNEOG9qJpiom/ZxO+S15LAw==",
      "bin": {
        "playwright": "cli.js"
      },
      "engines": {
        "node": ">=14"
      }
    },
    "node_modules/tr46": {
      "version": "0.0.3",
      "resolved": "https://registry.npmjs.org/tr46/-/tr46-0.0.3.tgz",
      "integrity": "sha512-N3WMsuqV66lT30CrXNbEjx4GEwlow3v6rr4mCcv6prnfwhS01rkgyFdjPNBYd9br7LpXV1+Emh01fHnq2Gdgrw=="
    },
    "node_modules/webidl-conversions": {
      "version": "3.0.1",
      "resolved": "https://registry.npmjs.org/webidl-conversions/-/webidl-conversions-3.0.1.tgz",
      "integrity": "sha512-2JAn3z8AR6rjK8Sm8orRC0h/bcl/DqL7tRPdGZ4I1CjdF+EaMLmYxBHyXuKL849eucPFhvBoxMsflfOb8kxaeQ=="
    },
    "node_modules/whatwg-url": {
      "version": "5.0.0",
      "resolved": "https://registry.npmjs.org/whatwg-url/-/whatwg-url-5.0.0.tgz",
      "integrity": "sha512-saE57nupxk6v3HY35+jzBwYa0rKSy0XR8JSxZPwgLr7ys0IBzhGviA1/TUGJLmSVqs8pb9AnvICXEuOHLprYTw==",
      "dependencies": {
        "tr46": "~0.0.3",
        "webidl-conversions": "^3.0.0"
      }
    }
  },
  "dependencies": {
    "@playwright/test": {
      "version": "1.33.0",
      "resolved": "https://registry.npmjs.org/@playwright/test/-/test-1.33.0.tgz",
      "integrity": "sha512-YunBa2mE7Hq4CfPkGzQRK916a4tuZoVx/EpLjeWlTVOnD4S2+fdaQZE0LJkbfhN5FTSKNLdcl7MoT5XB37bTkg==",
      "dev": true,
      "requires": {
        "@types/node": "*",
        "fsevents": "2.3.2",
        "playwright-core": "1.33.0"
      }
    },
    "@types/node": {
      "version": "18.15.9",
      "resolved": "https://registry.npmjs.org/@types/node/-/node-18.15.9.tgz",
      "integrity": "sha512-dUxhiNzBLr6IqlZXz6e/rN2YQXlFgOei/Dxy+e3cyXTJ4txSUbGT2/fmnD6zd/75jDMeW5bDee+YXxlFKHoV0A==",
      "dev": true
    },
    "cross-fetch": {
      "version": "3.1.6",
      "resolved": "https://registry.npmjs.org/cross-fetch/-/cross-fetch-3.1.6.tgz",
      "integrity": "sha512-riRvo06crlE8HiqOwIpQhxwdOk4fOeR7FVM/wXoxchFEqMNUjvbs3bfo4OTgMEMHzppd4DxFBDbyySj8Cv781g==",
      "requires": {
        "node-fetch": "^2.6.11"
      }
    },
    "fsevents": {
      "version": "2.3.2",
      "resolved": "https://registry.npmjs.org/fsevents/-/fsevents-2.3.2.tgz",
      "integrity": "sha512-xiqMQR4xAeHTuB9uWm+fFRcIOgKBMiOBP+eXiyT7jsgVCq1bkVygt00oASowB7EdtpOHaaPgKt812P9ab+DDKA==",
      "dev": true,
      "optional": true
    },
    "node-fetch": {
      "version": "2.6.11",
      "resolved": "https://registry.npmjs.org/node-fetch/-/node-fetch-2.6.11.tgz",
      "integrity": "sha512-4I6pdBY1EthSqDmJkiNk3JIT8cswwR9nfeW/cPdUagJYEQG7R95WRH74wpz7ma8Gh/9dI9FP+OU+0E4FvtA55w==",
      "requires": {
        "whatwg-url": "^5.0.0"
      }
    },
    "playwright": {
      "version": "1.33.0",
      "resolved": "https://registry.npmjs.org/playwright/-/playwright-1.33.0.tgz",
      "integrity": "sha512-+zzU3V2TslRX2ETBRgQKsKytYBkJeLZ2xzUj4JohnZnxQnivoUvOvNbRBYWSYykQTO0Y4zb8NwZTYFUO+EpPBQ==",
      "requires": {
        "playwright-core": "1.33.0"
      }
    },
    "playwright-core": {
      "version": "1.33.0",
      "resolved": "https://registry.npmjs.org/playwright-core/-/playwright-core-1.33.0.tgz",
      "integrity": "sha512-aizyPE1Cj62vAECdph1iaMILpT0WUDCq3E6rW6I+dleSbBoGbktvJtzS6VHkZ4DKNEOG9qJpiom/ZxO+S15LAw=="
    },
    "tr46": {
      "version": "0.0.3",
      "resolved": "https://registry.npmjs.org/tr46/-/tr46-0.0.3.tgz",
      "integrity": "sha512-N3WMsuqV66lT30CrXNbEjx4GEwlow3v6rr4mCcv6prnfwhS01rkgyFdjPNBYd9br7LpXV1+Emh01fHnq2Gdgrw=="
    },
    "webidl-conversions": {
      "version": "3.0.1",
      "resolved": "https://registry.npmjs.org/webidl-conversions/-/webidl-conversions-3.0.1.tgz",
      "integrity": "sha512-2JAn3z8AR6rjK8Sm8orRC0h/bcl/DqL7tRPdGZ4I1CjdF+EaMLmYxBHyXuKL849eucPFhvBoxMsflfOb8kxaeQ=="
    },
    "whatwg-url": {
      "version": "5.0.0",
      "resolved": "https://registry.npmjs.org/whatwg-url/-/whatwg-url-5.0.0.tgz",
      "integrity": "sha512-saE57nupxk6v3HY35+jzBwYa0rKSy0XR8JSxZPwgLr7ys0IBzhGviA1/TUGJLmSVqs8pb9AnvICXEuOHLprYTw==",
      "requires": {
        "tr46": "~0.0.3",
        "webidl-conversions": "^3.0.0"
      }
    }
  }
}
